
Microsoft Visual Studio Solution File, Format Version 12.00
# Visual Studio Version 16
VisualStudioVersion = 16.0.30225.117
MinimumVisualStudioVersion = 10.0.40219.1
Project("{FAE04EC0-301F-11D3-BF4B-00C04F79EFBC}") = "Lab3C", "Lab3C.csproj", "{AB479779-D2DF-4DB3-8F34-6C6E701E902E}"
EndProject
Global
	GlobalSection(SolutionConfigurationPlatforms) = preSolution
		Debug|Any CPU = Debug|Any CPU
		Release|Any CPU = Release|Any CPU
	EndGlobalSection
	GlobalSection(ProjectConfigurationPlatforms) = postSolution
		{AB479779-D2DF-4DB3-8F34-6C6E701E902E}.Debug|Any CPU.ActiveCfg = Debug|Any CPU
		{AB479779-D2DF-4DB3-8F34-6C6E701E902E}.Debug|Any CPU.Build.0 = Debug|Any CPU
		{AB479779-D2DF-4DB3-8F34-6C6E701E902E}.Release|Any CPU.ActiveCfg = Release|Any CPU
		{AB479779-D2DF-4DB3-8F34-6C6E701E902E}.Release|Any CPU.Build.0 = Release|Any CPU
	EndGlobalSection
	GlobalSection(SolutionProperties) = preSolution
		HideSolutionNode = FALSE
	EndGlobalSection
	GlobalSection(ExtensibilityGlobals) = postSolution
		SolutionGuid = {4F28107F-F287-40DD-83A0-F08E98E501DE}
	EndGlobalSection
EndGlobal
