
Microsoft Visual Studio Solution File, Format Version 12.00
# Visual Studio Version 16
VisualStudioVersion = 16.0.30309.148
MinimumVisualStudioVersion = 10.0.40219.1
Project("{FAE04EC0-301F-11D3-BF4B-00C04F79EFBC}") = "Exercise04", "Exercise04.csproj", "{5EDDB4B7-D527-4FCB-995B-240CFB31B5F1}"
EndProject
Global
	GlobalSection(SolutionConfigurationPlatforms) = preSolution
		Debug|Any CPU = Debug|Any CPU
		Release|Any CPU = Release|Any CPU
	EndGlobalSection
	GlobalSection(ProjectConfigurationPlatforms) = postSolution
		{5EDDB4B7-D527-4FCB-995B-240CFB31B5F1}.Debug|Any CPU.ActiveCfg = Debug|Any CPU
		{5EDDB4B7-D527-4FCB-995B-240CFB31B5F1}.Debug|Any CPU.Build.0 = Debug|Any CPU
		{5EDDB4B7-D527-4FCB-995B-240CFB31B5F1}.Release|Any CPU.ActiveCfg = Release|Any CPU
		{5EDDB4B7-D527-4FCB-995B-240CFB31B5F1}.Release|Any CPU.Build.0 = Release|Any CPU
	EndGlobalSection
	GlobalSection(SolutionProperties) = preSolution
		HideSolutionNode = FALSE
	EndGlobalSection
	GlobalSection(ExtensibilityGlobals) = postSolution
		SolutionGuid = {0F21A278-4D32-4477-B563-CA34EA3E03FA}
	EndGlobalSection
EndGlobal
